
Microsoft Visual Studio Solution File, Format Version 12.00
# Visual Studio Version 17
VisualStudioVersion = 17.11.35208.52
MinimumVisualStudioVersion = 10.0.40219.1
Project("{9A19103F-16F7-4668-BE54-9A1E7A4F7556}") = "ECommerce.API.Products", "ECommerce.API.Products.csproj", "{FBFE5AB8-6269-4684-8485-B5D7E12FA36F}"
EndProject
Global
	GlobalSection(SolutionConfigurationPlatforms) = preSolution
		Debug|Any CPU = Debug|Any CPU
		Release|Any CPU = Release|Any CPU
	EndGlobalSection
	GlobalSection(ProjectConfigurationPlatforms) = postSolution
		{FBFE5AB8-6269-4684-8485-B5D7E12FA36F}.Debug|Any CPU.ActiveCfg = Debug|Any CPU
		{FBFE5AB8-6269-4684-8485-B5D7E12FA36F}.Debug|Any CPU.Build.0 = Debug|Any CPU
		{FBFE5AB8-6269-4684-8485-B5D7E12FA36F}.Release|Any CPU.ActiveCfg = Release|Any CPU
		{FBFE5AB8-6269-4684-8485-B5D7E12FA36F}.Release|Any CPU.Build.0 = Release|Any CPU
	EndGlobalSection
	GlobalSection(SolutionProperties) = preSolution
		HideSolutionNode = FALSE
	EndGlobalSection
	GlobalSection(ExtensibilityGlobals) = postSolution
		SolutionGuid = {3D718821-E406-41EA-8236-339CD363CD57}
	EndGlobalSection
EndGlobal
